// !$*UTF8*$!
{
	archiveVersion = 1;
	classes = {
	};
	objectVersion = 50;
	objects = {

/* Begin PBXBuildFile section */
		7527F69A25927F0700B30A1C /* VirtualTourist.xcdatamodeld in Sources */ = {isa = PBXBuildFile; fileRef = 7527F69825927F0700B30A1C /* VirtualTourist.xcdatamodeld */; };
		7593D0E12591A37100DD94ED /* AppDelegate.swift in Sources */ = {isa = PBXBuildFile; fileRef = 7593D0E02591A37100DD94ED /* AppDelegate.swift */; };
		7593D0E32591A37100DD94ED /* SceneDelegate.swift in Sources */ = {isa = PBXBuildFile; fileRef = 7593D0E22591A37100DD94ED /* SceneDelegate.swift */; };
		7593D0E82591A37100DD94ED /* Main.storyboard in Resources */ = {isa = PBXBuildFile; fileRef = 7593D0E62591A37100DD94ED /* Main.storyboard */; };
		7593D0EA2591A37200DD94ED /* Assets.xcassets in Resources */ = {isa = PBXBuildFile; fileRef = 7593D0E92591A37200DD94ED /* Assets.xcassets */; };
		7593D0ED2591A37200DD94ED /* LaunchScreen.storyboard in Resources */ = {isa = PBXBuildFile; fileRef = 7593D0EB2591A37200DD94ED /* LaunchScreen.storyboard */; };
		7593D0F82591A37200DD94ED /* VirtualTouristTests.swift in Sources */ = {isa = PBXBuildFile; fileRef = 7593D0F72591A37200DD94ED /* VirtualTouristTests.swift */; };
		7593D1032591A37200DD94ED /* VirtualTouristUITests.swift in Sources */ = {isa = PBXBuildFile; fileRef = 7593D1022591A37200DD94ED /* VirtualTouristUITests.swift */; };
		7593D1142591A43500DD94ED /* TravelLocationsMapViewController.swift in Sources */ = {isa = PBXBuildFile; fileRef = 7593D1132591A43500DD94ED /* TravelLocationsMapViewController.swift */; };
		7593D1192591A44900DD94ED /* PhotoAlbumViewController.swift in Sources */ = {isa = PBXBuildFile; fileRef = 7593D1182591A44900DD94ED /* PhotoAlbumViewController.swift */; };
		75A4A0C525A3E0AF0006A690 /* VirtualTouristClient.swift in Sources */ = {isa = PBXBuildFile; fileRef = 75A4A0C425A3E0AF0006A690 /* VirtualTouristClient.swift */; };
		75E5EDD525A54345008BAE9B /* PhotoSearch.swift in Sources */ = {isa = PBXBuildFile; fileRef = 75E5EDD425A54345008BAE9B /* PhotoSearch.swift */; };
/* End PBXBuildFile section */

/* Begin PBXContainerItemProxy section */
		7593D0F42591A37200DD94ED /* PBXContainerItemProxy */ = {
			isa = PBXContainerItemProxy;
			containerPortal = 7593D0D52591A37100DD94ED /* Project object */;
			proxyType = 1;
			remoteGlobalIDString = 7593D0DC2591A37100DD94ED;
			remoteInfo = VirtualTourist;
		};
		7593D0FF2591A37200DD94ED /* PBXContainerItemProxy */ = {
			isa = PBXContainerItemProxy;
			containerPortal = 7593D0D52591A37100DD94ED /* Project object */;
			proxyType = 1;
			remoteGlobalIDString = 7593D0DC2591A37100DD94ED;
			remoteInfo = VirtualTourist;
		};
/* End PBXContainerItemProxy section */

/* Begin PBXFileReference section */
		7527F69925927F0700B30A1C /* VirtualTourist.xcdatamodel */ = {isa = PBXFileReference; lastKnownFileType = wrapper.xcdatamodel; path = VirtualTourist.xcdatamodel; sourceTree = "<group>"; };
		7593D0DD2591A37100DD94ED /* VirtualTourist.app */ = {isa = PBXFileReference; explicitFileType = wrapper.application; includeInIndex = 0; path = VirtualTourist.app; sourceTree = BUILT_PRODUCTS_DIR; };
		7593D0E02591A37100DD94ED /* AppDelegate.swift */ = {isa = PBXFileReference; lastKnownFileType = sourcecode.swift; path = AppDelegate.swift; sourceTree = "<group>"; };
		7593D0E22591A37100DD94ED /* SceneDelegate.swift */ = {isa = PBXFileReference; lastKnownFileType = sourcecode.swift; path = SceneDelegate.swift; sourceTree = "<group>"; };
		7593D0E72591A37100DD94ED /* Base */ = {isa = PBXFileReference; lastKnownFileType = file.storyboard; name = Base; path = Base.lproj/Main.storyboard; sourceTree = "<group>"; };
		7593D0E92591A37200DD94ED /* Assets.xcassets */ = {isa = PBXFileReference; lastKnownFileType = folder.assetcatalog; path = Assets.xcassets; sourceTree = "<group>"; };
		7593D0EC2591A37200DD94ED /* Base */ = {isa = PBXFileReference; lastKnownFileType = file.storyboard; name = Base; path = Base.lproj/LaunchScreen.storyboard; sourceTree = "<group>"; };
		7593D0EE2591A37200DD94ED /* Info.plist */ = {isa = PBXFileReference; lastKnownFileType = text.plist.xml; path = Info.plist; sourceTree = "<group>"; };
		7593D0F32591A37200DD94ED /* VirtualTouristTests.xctest */ = {isa = PBXFileReference; explicitFileType = wrapper.cfbundle; includeInIndex = 0; path = VirtualTouristTests.xctest; sourceTree = BUILT_PRODUCTS_DIR; };
		7593D0F72591A37200DD94ED /* VirtualTouristTests.swift */ = {isa = PBXFileReference; lastKnownFileType = sourcecode.swift; path = VirtualTouristTests.swift; sourceTree = "<group>"; };
		7593D0F92591A37200DD94ED /* Info.plist */ = {isa = PBXFileReference; lastKnownFileType = text.plist.xml; path = Info.plist; sourceTree = "<group>"; };
		7593D0FE2591A37200DD94ED /* VirtualTouristUITests.xctest */ = {isa = PBXFileReference; explicitFileType = wrapper.cfbundle; includeInIndex = 0; path = VirtualTouristUITests.xctest; sourceTree = BUILT_PRODUCTS_DIR; };
		7593D1022591A37200DD94ED /* VirtualTouristUITests.swift */ = {isa = PBXFileReference; lastKnownFileType = sourcecode.swift; path = VirtualTouristUITests.swift; sourceTree = "<group>"; };
		7593D1042591A37200DD94ED /* Info.plist */ = {isa = PBXFileReference; lastKnownFileType = text.plist.xml; path = Info.plist; sourceTree = "<group>"; };
		7593D1132591A43500DD94ED /* TravelLocationsMapViewController.swift */ = {isa = PBXFileReference; lastKnownFileType = sourcecode.swift; path = TravelLocationsMapViewController.swift; sourceTree = "<group>"; };
		7593D1182591A44900DD94ED /* PhotoAlbumViewController.swift */ = {isa = PBXFileReference; lastKnownFileType = sourcecode.swift; path = PhotoAlbumViewController.swift; sourceTree = "<group>"; };
		75A4A0C425A3E0AF0006A690 /* VirtualTouristClient.swift */ = {isa = PBXFileReference; lastKnownFileType = sourcecode.swift; path = VirtualTouristClient.swift; sourceTree = "<group>"; };
		75E5EDD425A54345008BAE9B /* PhotoSearch.swift */ = {isa = PBXFileReference; lastKnownFileType = sourcecode.swift; path = PhotoSearch.swift; sourceTree = "<group>"; };
/* End PBXFileReference section */

/* Begin PBXFrameworksBuildPhase section */
		7593D0DA2591A37100DD94ED /* Frameworks */ = {
			isa = PBXFrameworksBuildPhase;
			buildActionMask = 2147483647;
			files = (
			);
			runOnlyForDeploymentPostprocessing = 0;
		};
		7593D0F02591A37200DD94ED /* Frameworks */ = {
			isa = PBXFrameworksBuildPhase;
			buildActionMask = 2147483647;
			files = (
			);
			runOnlyForDeploymentPostprocessing = 0;
		};
		7593D0FB2591A37200DD94ED /* Frameworks */ = {
			isa = PBXFrameworksBuildPhase;
			buildActionMask = 2147483647;
			files = (
			);
			runOnlyForDeploymentPostprocessing = 0;
		};
/* End PBXFrameworksBuildPhase section */

/* Begin PBXGroup section */
		7527F69725927ECB00B30A1C /* Model */ = {
			isa = PBXGroup;
			children = (
				7527F69825927F0700B30A1C /* VirtualTourist.xcdatamodeld */,
			);
			path = Model;
			sourceTree = "<group>";
		};
		7593D0D42591A37100DD94ED = {
			isa = PBXGroup;
			children = (
				7593D0DF2591A37100DD94ED /* VirtualTourist */,
				7593D0F62591A37200DD94ED /* VirtualTouristTests */,
				7593D1012591A37200DD94ED /* VirtualTouristUITests */,
				7593D0DE2591A37100DD94ED /* Products */,
			);
			sourceTree = "<group>";
		};
		7593D0DE2591A37100DD94ED /* Products */ = {
			isa = PBXGroup;
			children = (
				7593D0DD2591A37100DD94ED /* VirtualTourist.app */,
				7593D0F32591A37200DD94ED /* VirtualTouristTests.xctest */,
				7593D0FE2591A37200DD94ED /* VirtualTouristUITests.xctest */,
			);
			name = Products;
			sourceTree = "<group>";
		};
		7593D0DF2591A37100DD94ED /* VirtualTourist */ = {
			isa = PBXGroup;
			children = (
				75A4A0BA25A3E06C0006A690 /* Networking */,
				7527F69725927ECB00B30A1C /* Model */,
				75AB43A9259400710017AADD /* View Controllers */,
				7593D0E02591A37100DD94ED /* AppDelegate.swift */,
				7593D0E22591A37100DD94ED /* SceneDelegate.swift */,
				7593D0E62591A37100DD94ED /* Main.storyboard */,
				7593D0E92591A37200DD94ED /* Assets.xcassets */,
				7593D0EB2591A37200DD94ED /* LaunchScreen.storyboard */,
				7593D0EE2591A37200DD94ED /* Info.plist */,
			);
			path = VirtualTourist;
			sourceTree = "<group>";
		};
		7593D0F62591A37200DD94ED /* VirtualTouristTests */ = {
			isa = PBXGroup;
			children = (
				7593D0F72591A37200DD94ED /* VirtualTouristTests.swift */,
				7593D0F92591A37200DD94ED /* Info.plist */,
			);
			path = VirtualTouristTests;
			sourceTree = "<group>";
		};
		7593D1012591A37200DD94ED /* VirtualTouristUITests */ = {
			isa = PBXGroup;
			children = (
				7593D1022591A37200DD94ED /* VirtualTouristUITests.swift */,
				7593D1042591A37200DD94ED /* Info.plist */,
			);
			path = VirtualTouristUITests;
			sourceTree = "<group>";
		};
		75A4A0BA25A3E06C0006A690 /* Networking */ = {
			isa = PBXGroup;
			children = (
				75A4A0C425A3E0AF0006A690 /* VirtualTouristClient.swift */,
				75E5EDD425A54345008BAE9B /* PhotoSearch.swift */,
			);
			path = Networking;
			sourceTree = "<group>";
		};
		75AB43A9259400710017AADD /* View Controllers */ = {
			isa = PBXGroup;
			children = (
				7593D1132591A43500DD94ED /* TravelLocationsMapViewController.swift */,
				7593D1182591A44900DD94ED /* PhotoAlbumViewController.swift */,
			);
			path = "View Controllers";
			sourceTree = "<group>";
		};
/* End PBXGroup section */

/* Begin PBXNativeTarget section */
		7593D0DC2591A37100DD94ED /* VirtualTourist */ = {
			isa = PBXNativeTarget;
			buildConfigurationList = 7593D1072591A37200DD94ED /* Build configuration list for PBXNativeTarget "VirtualTourist" */;
			buildPhases = (
				7593D0D92591A37100DD94ED /* Sources */,
				7593D0DA2591A37100DD94ED /* Frameworks */,
				7593D0DB2591A37100DD94ED /* Resources */,
			);
			buildRules = (
			);
			dependencies = (
			);
			name = VirtualTourist;
			productName = VirtualTourist;
			productReference = 7593D0DD2591A37100DD94ED /* VirtualTourist.app */;
			productType = "com.apple.product-type.application";
		};
		7593D0F22591A37200DD94ED /* VirtualTouristTests */ = {
			isa = PBXNativeTarget;
			buildConfigurationList = 7593D10A2591A37200DD94ED /* Build configuration list for PBXNativeTarget "VirtualTouristTests" */;
			buildPhases = (
				7593D0EF2591A37200DD94ED /* Sources */,
				7593D0F02591A37200DD94ED /* Frameworks */,
				7593D0F12591A37200DD94ED /* Resources */,
			);
			buildRules = (
			);
			dependencies = (
				7593D0F52591A37200DD94ED /* PBXTargetDependency */,
			);
			name = VirtualTouristTests;
			productName = VirtualTouristTests;
			productReference = 7593D0F32591A37200DD94ED /* VirtualTouristTests.xctest */;
			productType = "com.apple.product-type.bundle.unit-test";
		};
		7593D0FD2591A37200DD94ED /* VirtualTouristUITests */ = {
			isa = PBXNativeTarget;
			buildConfigurationList = 7593D10D2591A37200DD94ED /* Build configuration list for PBXNativeTarget "VirtualTouristUITests" */;
			buildPhases = (
				7593D0FA2591A37200DD94ED /* Sources */,
				7593D0FB2591A37200DD94ED /* Frameworks */,
				7593D0FC2591A37200DD94ED /* Resources */,
			);
			buildRules = (
			);
			dependencies = (
				7593D1002591A37200DD94ED /* PBXTargetDependency */,
			);
			name = VirtualTouristUITests;
			productName = VirtualTouristUITests;
			productReference = 7593D0FE2591A37200DD94ED /* VirtualTouristUITests.xctest */;
			productType = "com.apple.product-type.bundle.ui-testing";
		};
/* End PBXNativeTarget section */

/* Begin PBXProject section */
		7593D0D52591A37100DD94ED /* Project object */ = {
			isa = PBXProject;
			attributes = {
				LastSwiftUpdateCheck = 1210;
				LastUpgradeCheck = 1210;
				TargetAttributes = {
					7593D0DC2591A37100DD94ED = {
						CreatedOnToolsVersion = 12.1;
					};
					7593D0F22591A37200DD94ED = {
						CreatedOnToolsVersion = 12.1;
						TestTargetID = 7593D0DC2591A37100DD94ED;
					};
					7593D0FD2591A37200DD94ED = {
						CreatedOnToolsVersion = 12.1;
						TestTargetID = 7593D0DC2591A37100DD94ED;
					};
				};
			};
			buildConfigurationList = 7593D0D82591A37100DD94ED /* Build configuration list for PBXProject "VirtualTourist" */;
			compatibilityVersion = "Xcode 9.3";
			developmentRegion = en;
			hasScannedForEncodings = 0;
			knownRegions = (
				en,
				Base,
			);
			mainGroup = 7593D0D42591A37100DD94ED;
			productRefGroup = 7593D0DE2591A37100DD94ED /* Products */;
			projectDirPath = "";
			projectRoot = "";
			targets = (
				7593D0DC2591A37100DD94ED /* VirtualTourist */,
				7593D0F22591A37200DD94ED /* VirtualTouristTests */,
				7593D0FD2591A37200DD94ED /* VirtualTouristUITests */,
			);
		};
/* End PBXProject section */

/* Begin PBXResourcesBuildPhase section */
		7593D0DB2591A37100DD94ED /* Resources */ = {
			isa = PBXResourcesBuildPhase;
			buildActionMask = 2147483647;
			files = (
				7593D0ED2591A37200DD94ED /* LaunchScreen.storyboard in Resources */,
				7593D0EA2591A37200DD94ED /* Assets.xcassets in Resources */,
				7593D0E82591A37100DD94ED /* Main.storyboard in Resources */,
			);
			runOnlyForDeploymentPostprocessing = 0;
		};
		7593D0F12591A37200DD94ED /* Resources */ = {
			isa = PBXResourcesBuildPhase;
			buildActionMask = 2147483647;
			files = (
			);
			runOnlyForDeploymentPostprocessing = 0;
		};
		7593D0FC2591A37200DD94ED /* Resources */ = {
			isa = PBXResourcesBuildPhase;
			buildActionMask = 2147483647;
			files = (
			);
			runOnlyForDeploymentPostprocessing = 0;
		};
/* End PBXResourcesBuildPhase section */

/* Begin PBXSourcesBuildPhase section */
		7593D0D92591A37100DD94ED /* Sources */ = {
			isa = PBXSourcesBuildPhase;
			buildActionMask = 2147483647;
			files = (
				7593D0E12591A37100DD94ED /* AppDelegate.swift in Sources */,
				7527F69A25927F0700B30A1C /* VirtualTourist.xcdatamodeld in Sources */,
				7593D1142591A43500DD94ED /* TravelLocationsMapViewController.swift in Sources */,
				75A4A0C525A3E0AF0006A690 /* VirtualTouristClient.swift in Sources */,
				7593D0E32591A37100DD94ED /* SceneDelegate.swift in Sources */,
				75E5EDD525A54345008BAE9B /* PhotoSearch.swift in Sources */,
				7593D1192591A44900DD94ED /* PhotoAlbumViewController.swift in Sources */,
			);
			runOnlyForDeploymentPostprocessing = 0;
		};
		7593D0EF2591A37200DD94ED /* Sources */ = {
			isa = PBXSourcesBuildPhase;
			buildActionMask = 2147483647;
			files = (
				7593D0F82591A37200DD94ED /* VirtualTouristTests.swift in Sources */,
			);
			runOnlyForDeploymentPostprocessing = 0;
		};
		7593D0FA2591A37200DD94ED /* Sources */ = {
			isa = PBXSourcesBuildPhase;
			buildActionMask = 2147483647;
			files = (
				7593D1032591A37200DD94ED /* VirtualTouristUITests.swift in Sources */,
			);
			runOnlyForDeploymentPostprocessing = 0;
		};
/* End PBXSourcesBuildPhase section */

/* Begin PBXTargetDependency section */
		7593D0F52591A37200DD94ED /* PBXTargetDependency */ = {
			isa = PBXTargetDependency;
			target = 7593D0DC2591A37100DD94ED /* VirtualTourist */;
			targetProxy = 7593D0F42591A37200DD94ED /* PBXContainerItemProxy */;
		};
		7593D1002591A37200DD94ED /* PBXTargetDependency */ = {
			isa = PBXTargetDependency;
			target = 7593D0DC2591A37100DD94ED /* VirtualTourist */;
			targetProxy = 7593D0FF2591A37200DD94ED /* PBXContainerItemProxy */;
		};
/* End PBXTargetDependency section */

/* Begin PBXVariantGroup section */
		7593D0E62591A37100DD94ED /* Main.storyboard */ = {
			isa = PBXVariantGroup;
			children = (
				7593D0E72591A37100DD94ED /* Base */,
			);
			name = Main.storyboard;
			sourceTree = "<group>";
		};
		7593D0EB2591A37200DD94ED /* LaunchScreen.storyboard */ = {
			isa = PBXVariantGroup;
			children = (
				7593D0EC2591A37200DD94ED /* Base */,
			);
			name = LaunchScreen.storyboard;
			sourceTree = "<group>";
		};
/* End PBXVariantGroup section */

/* Begin XCBuildConfiguration section */
		7593D1052591A37200DD94ED /* Debug */ = {
			isa = XCBuildConfiguration;
			buildSettings = {
				ALWAYS_SEARCH_USER_PATHS = NO;
				CLANG_ANALYZER_NONNULL = YES;
				CLANG_ANALYZER_NUMBER_OBJECT_CONVERSION = YES_AGGRESSIVE;
				CLANG_CXX_LANGUAGE_STANDARD = "gnu++14";
				CLANG_CXX_LIBRARY = "libc++";
				CLANG_ENABLE_MODULES = YES;
				CLANG_ENABLE_OBJC_ARC = YES;
				CLANG_ENABLE_OBJC_WEAK = YES;
				CLANG_WARN_BLOCK_CAPTURE_AUTORELEASING = YES;
				CLANG_WARN_BOOL_CONVERSION = YES;
				CLANG_WARN_COMMA = YES;
				CLANG_WARN_CONSTANT_CONVERSION = YES;
				CLANG_WARN_DEPRECATED_OBJC_IMPLEMENTATIONS = YES;
				CLANG_WARN_DIRECT_OBJC_ISA_USAGE = YES_ERROR;
				CLANG_WARN_DOCUMENTATION_COMMENTS = YES;
				CLANG_WARN_EMPTY_BODY = YES;
				CLANG_WARN_ENUM_CONVERSION = YES;
				CLANG_WARN_INFINITE_RECURSION = YES;
				CLANG_WARN_INT_CONVERSION = YES;
				CLANG_WARN_NON_LITERAL_NULL_CONVERSION = YES;
				CLANG_WARN_OBJC_IMPLICIT_RETAIN_SELF = YES;
				CLANG_WARN_OBJC_LITERAL_CONVERSION = YES;
				CLANG_WARN_OBJC_ROOT_CLASS = YES_ERROR;
				CLANG_WARN_QUOTED_INCLUDE_IN_FRAMEWORK_HEADER = YES;
				CLANG_WARN_RANGE_LOOP_ANALYSIS = YES;
				CLANG_WARN_STRICT_PROTOTYPES = YES;
				CLANG_WARN_SUSPICIOUS_MOVE = YES;
				CLANG_WARN_UNGUARDED_AVAILABILITY = YES_AGGRESSIVE;
				CLANG_WARN_UNREACHABLE_CODE = YES;
				CLANG_WARN__DUPLICATE_METHOD_MATCH = YES;
				COPY_PHASE_STRIP = NO;
				DEBUG_INFORMATION_FORMAT = dwarf;
				ENABLE_STRICT_OBJC_MSGSEND = YES;
				ENABLE_TESTABILITY = YES;
				GCC_C_LANGUAGE_STANDARD = gnu11;
				GCC_DYNAMIC_NO_PIC = NO;
				GCC_NO_COMMON_BLOCKS = YES;
				GCC_OPTIMIZATION_LEVEL = 0;
				GCC_PREPROCESSOR_DEFINITIONS = (
					"DEBUG=1",
					"$(inherited)",
				);
				GCC_WARN_64_TO_32_BIT_CONVERSION = YES;
				GCC_WARN_ABOUT_RETURN_TYPE = YES_ERROR;
				GCC_WARN_UNDECLARED_SELECTOR = YES;
				GCC_WARN_UNINITIALIZED_AUTOS = YES_AGGRESSIVE;
				GCC_WARN_UNUSED_FUNCTION = YES;
				GCC_WARN_UNUSED_VARIABLE = YES;
				IPHONEOS_DEPLOYMENT_TARGET = 14.1;
				MTL_ENABLE_DEBUG_INFO = INCLUDE_SOURCE;
				MTL_FAST_MATH = YES;
				ONLY_ACTIVE_ARCH = YES;
				SDKROOT = iphoneos;
				SWIFT_ACTIVE_COMPILATION_CONDITIONS = DEBUG;
				SWIFT_OPTIMIZATION_LEVEL = "-Onone";
			};
			name = Debug;
		};
		7593D1062591A37200DD94ED /* Release */ = {
			isa = XCBuildConfiguration;
			buildSettings = {
				ALWAYS_SEARCH_USER_PATHS = NO;
				CLANG_ANALYZER_NONNULL = YES;
				CLANG_ANALYZER_NUMBER_OBJECT_CONVERSION = YES_AGGRESSIVE;
				CLANG_CXX_LANGUAGE_STANDARD = "gnu++14";
				CLANG_CXX_LIBRARY = "libc++";
				CLANG_ENABLE_MODULES = YES;
				CLANG_ENABLE_OBJC_ARC = YES;
				CLANG_ENABLE_OBJC_WEAK = YES;
				CLANG_WARN_BLOCK_CAPTURE_AUTORELEASING = YES;
				CLANG_WARN_BOOL_CONVERSION = YES;
				CLANG_WARN_COMMA = YES;
				CLANG_WARN_CONSTANT_CONVERSION = YES;
				CLANG_WARN_DEPRECATED_OBJC_IMPLEMENTATIONS = YES;
				CLANG_WARN_DIRECT_OBJC_ISA_USAGE = YES_ERROR;
				CLANG_WARN_DOCUMENTATION_COMMENTS = YES;
				CLANG_WARN_EMPTY_BODY = YES;
				CLANG_WARN_ENUM_CONVERSION = YES;
				CLANG_WARN_INFINITE_RECURSION = YES;
				CLANG_WARN_INT_CONVERSION = YES;
				CLANG_WARN_NON_LITERAL_NULL_CONVERSION = YES;
				CLANG_WARN_OBJC_IMPLICIT_RETAIN_SELF = YES;
				CLANG_WARN_OBJC_LITERAL_CONVERSION = YES;
				CLANG_WARN_OBJC_ROOT_CLASS = YES_ERROR;
				CLANG_WARN_QUOTED_INCLUDE_IN_FRAMEWORK_HEADER = YES;
				CLANG_WARN_RANGE_LOOP_ANALYSIS = YES;
				CLANG_WARN_STRICT_PROTOTYPES = YES;
				CLANG_WARN_SUSPICIOUS_MOVE = YES;
				CLANG_WARN_UNGUARDED_AVAILABILITY = YES_AGGRESSIVE;
				CLANG_WARN_UNREACHABLE_CODE = YES;
				CLANG_WARN__DUPLICATE_METHOD_MATCH = YES;
				COPY_PHASE_STRIP = NO;
				DEBUG_INFORMATION_FORMAT = "dwarf-with-dsym";
				ENABLE_NS_ASSERTIONS = NO;
				ENABLE_STRICT_OBJC_MSGSEND = YES;
				GCC_C_LANGUAGE_STANDARD = gnu11;
				GCC_NO_COMMON_BLOCKS = YES;
				GCC_WARN_64_TO_32_BIT_CONVERSION = YES;
				GCC_WARN_ABOUT_RETURN_TYPE = YES_ERROR;
				GCC_WARN_UNDECLARED_SELECTOR = YES;
				GCC_WARN_UNINITIALIZED_AUTOS = YES_AGGRESSIVE;
				GCC_WARN_UNUSED_FUNCTION = YES;
				GCC_WARN_UNUSED_VARIABLE = YES;
				IPHONEOS_DEPLOYMENT_TARGET = 14.1;
				MTL_ENABLE_DEBUG_INFO = NO;
				MTL_FAST_MATH = YES;
				SDKROOT = iphoneos;
				SWIFT_COMPILATION_MODE = wholemodule;
				SWIFT_OPTIMIZATION_LEVEL = "-O";
				VALIDATE_PRODUCT = YES;
			};
			name = Release;
		};
		7593D1082591A37200DD94ED /* Debug */ = {
			isa = XCBuildConfiguration;
			buildSettings = {
				ASSETCATALOG_COMPILER_APPICON_NAME = AppIcon;
				ASSETCATALOG_COMPILER_GLOBAL_ACCENT_COLOR_NAME = AccentColor;
				CODE_SIGN_STYLE = Automatic;
				INFOPLIST_FILE = VirtualTourist/Info.plist;
				LD_RUNPATH_SEARCH_PATHS = (
					"$(inherited)",
					"@executable_path/Frameworks",
				);
				PRODUCT_BUNDLE_IDENTIFIER = com.adriangallardo.VirtualTourist;
				PRODUCT_NAME = "$(TARGET_NAME)";
				SWIFT_VERSION = 5.0;
				TARGETED_DEVICE_FAMILY = "1,2";
			};
			name = Debug;
		};
		7593D1092591A37200DD94ED /* Release */ = {
			isa = XCBuildConfiguration;
			buildSettings = {
				ASSETCATALOG_COMPILER_APPICON_NAME = AppIcon;
				ASSETCATALOG_COMPILER_GLOBAL_ACCENT_COLOR_NAME = AccentColor;
				CODE_SIGN_STYLE = Automatic;
				INFOPLIST_FILE = VirtualTourist/Info.plist;
				LD_RUNPATH_SEARCH_PATHS = (
					"$(inherited)",
					"@executable_path/Frameworks",
				);
				PRODUCT_BUNDLE_IDENTIFIER = com.adriangallardo.VirtualTourist;
				PRODUCT_NAME = "$(TARGET_NAME)";
				SWIFT_VERSION = 5.0;
				TARGETED_DEVICE_FAMILY = "1,2";
			};
			name = Release;
		};
		7593D10B2591A37200DD94ED /* Debug */ = {
			isa = XCBuildConfiguration;
			buildSettings = {
				ALWAYS_EMBED_SWIFT_STANDARD_LIBRARIES = YES;
				BUNDLE_LOADER = "$(TEST_HOST)";
				CODE_SIGN_STYLE = Automatic;
				INFOPLIST_FILE = VirtualTouristTests/Info.plist;
				IPHONEOS_DEPLOYMENT_TARGET = 14.1;
				LD_RUNPATH_SEARCH_PATHS = (
					"$(inherited)",
					"@executable_path/Frameworks",
					"@loader_path/Frameworks",
				);
				PRODUCT_BUNDLE_IDENTIFIER = com.adriangallardo.VirtualTouristTests;
				PRODUCT_NAME = "$(TARGET_NAME)";
				SWIFT_VERSION = 5.0;
				TARGETED_DEVICE_FAMILY = "1,2";
				TEST_HOST = "$(BUILT_PRODUCTS_DIR)/VirtualTourist.app/VirtualTourist";
			};
			name = Debug;
		};
		7593D10C2591A37200DD94ED /* Release */ = {
			isa = XCBuildConfiguration;
			buildSettings = {
				ALWAYS_EMBED_SWIFT_STANDARD_LIBRARIES = YES;
				BUNDLE_LOADER = "$(TEST_HOST)";
				CODE_SIGN_STYLE = Automatic;
				INFOPLIST_FILE = VirtualTouristTests/Info.plist;
				IPHONEOS_DEPLOYMENT_TARGET = 14.1;
				LD_RUNPATH_SEARCH_PATHS = (
					"$(inherited)",
					"@executable_path/Frameworks",
					"@loader_path/Frameworks",
				);
				PRODUCT_BUNDLE_IDENTIFIER = com.adriangallardo.VirtualTouristTests;
				PRODUCT_NAME = "$(TARGET_NAME)";
				SWIFT_VERSION = 5.0;
				TARGETED_DEVICE_FAMILY = "1,2";
				TEST_HOST = "$(BUILT_PRODUCTS_DIR)/VirtualTourist.app/VirtualTourist";
			};
			name = Release;
		};
		7593D10E2591A37200DD94ED /* Debug */ = {
			isa = XCBuildConfiguration;
			buildSettings = {
				ALWAYS_EMBED_SWIFT_STANDARD_LIBRARIES = YES;
				CODE_SIGN_STYLE = Automatic;
				INFOPLIST_FILE = VirtualTouristUITests/Info.plist;
				LD_RUNPATH_SEARCH_PATHS = (
					"$(inherited)",
					"@executable_path/Frameworks",
					"@loader_path/Frameworks",
				);
				PRODUCT_BUNDLE_IDENTIFIER = com.adriangallardo.VirtualTouristUITests;
				PRODUCT_NAME = "$(TARGET_NAME)";
				SWIFT_VERSION = 5.0;
				TARGETED_DEVICE_FAMILY = "1,2";
				TEST_TARGET_NAME = VirtualTourist;
			};
			name = Debug;
		};
		7593D10F2591A37200DD94ED /* Release */ = {
			isa = XCBuildConfiguration;
			buildSettings = {
				ALWAYS_EMBED_SWIFT_STANDARD_LIBRARIES = YES;
				CODE_SIGN_STYLE = Automatic;
				INFOPLIST_FILE = VirtualTouristUITests/Info.plist;
				LD_RUNPATH_SEARCH_PATHS = (
					"$(inherited)",
					"@executable_path/Frameworks",
					"@loader_path/Frameworks",
				);
				PRODUCT_BUNDLE_IDENTIFIER = com.adriangallardo.VirtualTouristUITests;
				PRODUCT_NAME = "$(TARGET_NAME)";
				SWIFT_VERSION = 5.0;
				TARGETED_DEVICE_FAMILY = "1,2";
				TEST_TARGET_NAME = VirtualTourist;
			};
			name = Release;
		};
/* End XCBuildConfiguration section */

/* Begin XCConfigurationList section */
		7593D0D82591A37100DD94ED /* Build configuration list for PBXProject "VirtualTourist" */ = {
			isa = XCConfigurationList;
			buildConfigurations = (
				7593D1052591A37200DD94ED /* Debug */,
				7593D1062591A37200DD94ED /* Release */,
			);
			defaultConfigurationIsVisible = 0;
			defaultConfigurationName = Release;
		};
		7593D1072591A37200DD94ED /* Build configuration list for PBXNativeTarget "VirtualTourist" */ = {
			isa = XCConfigurationList;
			buildConfigurations = (
				7593D1082591A37200DD94ED /* Debug */,
				7593D1092591A37200DD94ED /* Release */,
			);
			defaultConfigurationIsVisible = 0;
			defaultConfigurationName = Release;
		};
		7593D10A2591A37200DD94ED /* Build configuration list for PBXNativeTarget "VirtualTouristTests" */ = {
			isa = XCConfigurationList;
			buildConfigurations = (
				7593D10B2591A37200DD94ED /* Debug */,
				7593D10C2591A37200DD94ED /* Release */,
			);
			defaultConfigurationIsVisible = 0;
			defaultConfigurationName = Release;
		};
		7593D10D2591A37200DD94ED /* Build configuration list for PBXNativeTarget "VirtualTouristUITests" */ = {
			isa = XCConfigurationList;
			buildConfigurations = (
				7593D10E2591A37200DD94ED /* Debug */,
				7593D10F2591A37200DD94ED /* Release */,
			);
			defaultConfigurationIsVisible = 0;
			defaultConfigurationName = Release;
		};
/* End XCConfigurationList section */

/* Begin XCVersionGroup section */
		7527F69825927F0700B30A1C /* VirtualTourist.xcdatamodeld */ = {
			isa = XCVersionGroup;
			children = (
				7527F69925927F0700B30A1C /* VirtualTourist.xcdatamodel */,
			);
			currentVersion = 7527F69925927F0700B30A1C /* VirtualTourist.xcdatamodel */;
			path = VirtualTourist.xcdatamodeld;
			sourceTree = "<group>";
			versionGroupType = wrapper.xcdatamodel;
		};
/* End XCVersionGroup section */
	};
	rootObject = 7593D0D52591A37100DD94ED /* Project object */;
}
